
Microsoft Visual Studio Solution File, Format Version 12.00
# Visual Studio Version 17
VisualStudioVersion = 17.8.34330.188
MinimumVisualStudioVersion = 10.0.40219.1
Project("{2150E333-8FDC-42A3-9474-1A3956D46DE8}") = "crs", "crs", "{913179CE-3314-4918-8A7C-36828B44CCB4}"
EndProject
Project("{2150E333-8FDC-42A3-9474-1A3956D46DE8}") = "Services", "Services", "{C12FD65F-1F7B-4AF4-BD52-074D3689865A}"
EndProject
Project("{2150E333-8FDC-42A3-9474-1A3956D46DE8}") = "Docker", "Docker", "{B312B81F-14B4-41AC-9B5B-893699E570B3}"
EndProject
Project("{2150E333-8FDC-42A3-9474-1A3956D46DE8}") = "Web", "Web", "{F2F62FB9-3AE4-4E25-AD79-FDD02F205E76}"
EndProject
Project("{2150E333-8FDC-42A3-9474-1A3956D46DE8}") = "Book", "Book", "{2F5DA45D-0F47-4830-8B24-A27939C0EB45}"
EndProject
Project("{9A19103F-16F7-4668-BE54-9A1E7A4F7556}") = "Domain", "crs\Services\Book\Domain\Domain.csproj", "{755605C8-C41C-4BEE-89D2-71059B6F2F19}"
EndProject
Project("{2150E333-8FDC-42A3-9474-1A3956D46DE8}") = "Common", "Common", "{DF26DFCE-7686-417E-8FD5-D9CD78C9E057}"
EndProject
Project("{9A19103F-16F7-4668-BE54-9A1E7A4F7556}") = "Domain.Core", "crs\Common\Domain.Core\Domain.Core.csproj", "{6A1CD7B5-668B-4CB0-9873-E217F75DB730}"
EndProject
Project("{9A19103F-16F7-4668-BE54-9A1E7A4F7556}") = "Contracts", "crs\Common\Contracts\Contracts.csproj", "{93C9A313-53F0-493E-A7B7-612325D255B5}"
EndProject
Project("{9A19103F-16F7-4668-BE54-9A1E7A4F7556}") = "Persistence", "crs\Services\Book\Persistence\Persistence.csproj", "{7068165E-9AB0-4EF8-83E1-5D2E05591F4C}"
EndProject
Project("{2150E333-8FDC-42A3-9474-1A3956D46DE8}") = "Tests", "Tests", "{6FC043CC-D1AA-4790-858A-D4A9FD9B0446}"
EndProject
Project("{9A19103F-16F7-4668-BE54-9A1E7A4F7556}") = "Application", "crs\Services\Book\Application\Application.csproj", "{FD5CF1E4-F0DB-43F0-B379-C2D64F97AE1D}"
EndProject
Project("{9A19103F-16F7-4668-BE54-9A1E7A4F7556}") = "Application.Core", "crs\Common\Application.Core\Application.Core.csproj", "{74430E5C-A8B6-43BF-9664-0613BBF0730A}"
EndProject
Project("{9A19103F-16F7-4668-BE54-9A1E7A4F7556}") = "Api", "crs\Services\Book\Api\Api.csproj", "{4E499DA7-99FE-40BA-ADAC-1684F4FD6F2C}"
EndProject
Project("{9A19103F-16F7-4668-BE54-9A1E7A4F7556}") = "Api.Core", "crs\Common\Api.Core\Api.Core.csproj", "{735ED907-B244-475B-9AAC-6AA591E390AE}"
EndProject
Project("{E53339B2-1760-4266-BCC7-CA923CBCF16C}") = "docker-compose", "crs\Docker\docker-compose.dcproj", "{E5E33AF4-7744-480E-AE0A-F8E43C1FBF33}"
EndProject
Project("{2150E333-8FDC-42A3-9474-1A3956D46DE8}") = "Monitoring", "Monitoring", "{E3612FE4-2219-450E-8424-58164B452615}"
EndProject
Project("{9A19103F-16F7-4668-BE54-9A1E7A4F7556}") = "Monitoring.Api", "crs\Services\Monitoring\Monitoring.Api\Monitoring.Api.csproj", "{10CA414A-8AF6-4423-AF06-3963090BF115}"
EndProject
Project("{9A19103F-16F7-4668-BE54-9A1E7A4F7556}") = "Presentation", "crs\Services\Book\Presentation\Presentation.csproj", "{F1DBC18A-35A5-4647-87BC-F462C63E3723}"
EndProject
Project("{9A19103F-16F7-4668-BE54-9A1E7A4F7556}") = "Infrastructure", "crs\Services\Book\Infrastructure\Infrastructure.csproj", "{FD20615B-5ACB-4CE8-B23D-2CBA7229AF09}"
EndProject
Project("{9A19103F-16F7-4668-BE54-9A1E7A4F7556}") = "Infrastructure.UnitTests", "crs\Services\Book\Tests\Infrastructure.UnitTests\Infrastructure.UnitTests.csproj", "{41FABD82-61EE-438D-8AFE-240697600652}"
EndProject
Project("{FAE04EC0-301F-11D3-BF4B-00C04F79EFBC}") = "Templates", "crs\Services\Templates\Templates.csproj", "{09B520D8-88A4-4F58-8285-A71714D058C9}"
EndProject
Global
	GlobalSection(SolutionConfigurationPlatforms) = preSolution
		Debug|Any CPU = Debug|Any CPU
		Release|Any CPU = Release|Any CPU
	EndGlobalSection
	GlobalSection(ProjectConfigurationPlatforms) = postSolution
		{755605C8-C41C-4BEE-89D2-71059B6F2F19}.Debug|Any CPU.ActiveCfg = Debug|Any CPU
		{755605C8-C41C-4BEE-89D2-71059B6F2F19}.Debug|Any CPU.Build.0 = Debug|Any CPU
		{755605C8-C41C-4BEE-89D2-71059B6F2F19}.Release|Any CPU.ActiveCfg = Release|Any CPU
		{755605C8-C41C-4BEE-89D2-71059B6F2F19}.Release|Any CPU.Build.0 = Release|Any CPU
		{6A1CD7B5-668B-4CB0-9873-E217F75DB730}.Debug|Any CPU.ActiveCfg = Debug|Any CPU
		{6A1CD7B5-668B-4CB0-9873-E217F75DB730}.Debug|Any CPU.Build.0 = Debug|Any CPU
		{6A1CD7B5-668B-4CB0-9873-E217F75DB730}.Release|Any CPU.ActiveCfg = Release|Any CPU
		{6A1CD7B5-668B-4CB0-9873-E217F75DB730}.Release|Any CPU.Build.0 = Release|Any CPU
		{93C9A313-53F0-493E-A7B7-612325D255B5}.Debug|Any CPU.ActiveCfg = Debug|Any CPU
		{93C9A313-53F0-493E-A7B7-612325D255B5}.Debug|Any CPU.Build.0 = Debug|Any CPU
		{93C9A313-53F0-493E-A7B7-612325D255B5}.Release|Any CPU.ActiveCfg = Release|Any CPU
		{93C9A313-53F0-493E-A7B7-612325D255B5}.Release|Any CPU.Build.0 = Release|Any CPU
		{7068165E-9AB0-4EF8-83E1-5D2E05591F4C}.Debug|Any CPU.ActiveCfg = Debug|Any CPU
		{7068165E-9AB0-4EF8-83E1-5D2E05591F4C}.Debug|Any CPU.Build.0 = Debug|Any CPU
		{7068165E-9AB0-4EF8-83E1-5D2E05591F4C}.Release|Any CPU.ActiveCfg = Release|Any CPU
		{7068165E-9AB0-4EF8-83E1-5D2E05591F4C}.Release|Any CPU.Build.0 = Release|Any CPU
		{FD5CF1E4-F0DB-43F0-B379-C2D64F97AE1D}.Debug|Any CPU.ActiveCfg = Debug|Any CPU
		{FD5CF1E4-F0DB-43F0-B379-C2D64F97AE1D}.Debug|Any CPU.Build.0 = Debug|Any CPU
		{FD5CF1E4-F0DB-43F0-B379-C2D64F97AE1D}.Release|Any CPU.ActiveCfg = Release|Any CPU
		{FD5CF1E4-F0DB-43F0-B379-C2D64F97AE1D}.Release|Any CPU.Build.0 = Release|Any CPU
		{74430E5C-A8B6-43BF-9664-0613BBF0730A}.Debug|Any CPU.ActiveCfg = Debug|Any CPU
		{74430E5C-A8B6-43BF-9664-0613BBF0730A}.Debug|Any CPU.Build.0 = Debug|Any CPU
		{74430E5C-A8B6-43BF-9664-0613BBF0730A}.Release|Any CPU.ActiveCfg = Release|Any CPU
		{74430E5C-A8B6-43BF-9664-0613BBF0730A}.Release|Any CPU.Build.0 = Release|Any CPU
		{4E499DA7-99FE-40BA-ADAC-1684F4FD6F2C}.Debug|Any CPU.ActiveCfg = Debug|Any CPU
		{4E499DA7-99FE-40BA-ADAC-1684F4FD6F2C}.Debug|Any CPU.Build.0 = Debug|Any CPU
		{4E499DA7-99FE-40BA-ADAC-1684F4FD6F2C}.Release|Any CPU.ActiveCfg = Release|Any CPU
		{4E499DA7-99FE-40BA-ADAC-1684F4FD6F2C}.Release|Any CPU.Build.0 = Release|Any CPU
		{735ED907-B244-475B-9AAC-6AA591E390AE}.Debug|Any CPU.ActiveCfg = Debug|Any CPU
		{735ED907-B244-475B-9AAC-6AA591E390AE}.Debug|Any CPU.Build.0 = Debug|Any CPU
		{735ED907-B244-475B-9AAC-6AA591E390AE}.Release|Any CPU.ActiveCfg = Release|Any CPU
		{735ED907-B244-475B-9AAC-6AA591E390AE}.Release|Any CPU.Build.0 = Release|Any CPU
		{E5E33AF4-7744-480E-AE0A-F8E43C1FBF33}.Debug|Any CPU.ActiveCfg = Debug|Any CPU
		{E5E33AF4-7744-480E-AE0A-F8E43C1FBF33}.Debug|Any CPU.Build.0 = Debug|Any CPU
		{E5E33AF4-7744-480E-AE0A-F8E43C1FBF33}.Release|Any CPU.ActiveCfg = Release|Any CPU
		{E5E33AF4-7744-480E-AE0A-F8E43C1FBF33}.Release|Any CPU.Build.0 = Release|Any CPU
		{10CA414A-8AF6-4423-AF06-3963090BF115}.Debug|Any CPU.ActiveCfg = Debug|Any CPU
		{10CA414A-8AF6-4423-AF06-3963090BF115}.Debug|Any CPU.Build.0 = Debug|Any CPU
		{10CA414A-8AF6-4423-AF06-3963090BF115}.Release|Any CPU.ActiveCfg = Release|Any CPU
		{10CA414A-8AF6-4423-AF06-3963090BF115}.Release|Any CPU.Build.0 = Release|Any CPU
		{F1DBC18A-35A5-4647-87BC-F462C63E3723}.Debug|Any CPU.ActiveCfg = Debug|Any CPU
		{F1DBC18A-35A5-4647-87BC-F462C63E3723}.Debug|Any CPU.Build.0 = Debug|Any CPU
		{F1DBC18A-35A5-4647-87BC-F462C63E3723}.Release|Any CPU.ActiveCfg = Release|Any CPU
		{F1DBC18A-35A5-4647-87BC-F462C63E3723}.Release|Any CPU.Build.0 = Release|Any CPU
		{FD20615B-5ACB-4CE8-B23D-2CBA7229AF09}.Debug|Any CPU.ActiveCfg = Debug|Any CPU
		{FD20615B-5ACB-4CE8-B23D-2CBA7229AF09}.Debug|Any CPU.Build.0 = Debug|Any CPU
		{FD20615B-5ACB-4CE8-B23D-2CBA7229AF09}.Release|Any CPU.ActiveCfg = Release|Any CPU
		{FD20615B-5ACB-4CE8-B23D-2CBA7229AF09}.Release|Any CPU.Build.0 = Release|Any CPU
		{41FABD82-61EE-438D-8AFE-240697600652}.Debug|Any CPU.ActiveCfg = Debug|Any CPU
		{41FABD82-61EE-438D-8AFE-240697600652}.Debug|Any CPU.Build.0 = Debug|Any CPU
		{41FABD82-61EE-438D-8AFE-240697600652}.Release|Any CPU.ActiveCfg = Release|Any CPU
		{41FABD82-61EE-438D-8AFE-240697600652}.Release|Any CPU.Build.0 = Release|Any CPU
		{09B520D8-88A4-4F58-8285-A71714D058C9}.Debug|Any CPU.ActiveCfg = Debug|Any CPU
		{09B520D8-88A4-4F58-8285-A71714D058C9}.Debug|Any CPU.Build.0 = Debug|Any CPU
		{09B520D8-88A4-4F58-8285-A71714D058C9}.Release|Any CPU.ActiveCfg = Release|Any CPU
		{09B520D8-88A4-4F58-8285-A71714D058C9}.Release|Any CPU.Build.0 = Release|Any CPU
	EndGlobalSection
	GlobalSection(SolutionProperties) = preSolution
		HideSolutionNode = FALSE
	EndGlobalSection
	GlobalSection(NestedProjects) = preSolution
		{C12FD65F-1F7B-4AF4-BD52-074D3689865A} = {913179CE-3314-4918-8A7C-36828B44CCB4}
		{B312B81F-14B4-41AC-9B5B-893699E570B3} = {913179CE-3314-4918-8A7C-36828B44CCB4}
		{F2F62FB9-3AE4-4E25-AD79-FDD02F205E76} = {913179CE-3314-4918-8A7C-36828B44CCB4}
		{2F5DA45D-0F47-4830-8B24-A27939C0EB45} = {C12FD65F-1F7B-4AF4-BD52-074D3689865A}
		{755605C8-C41C-4BEE-89D2-71059B6F2F19} = {2F5DA45D-0F47-4830-8B24-A27939C0EB45}
		{DF26DFCE-7686-417E-8FD5-D9CD78C9E057} = {913179CE-3314-4918-8A7C-36828B44CCB4}
		{6A1CD7B5-668B-4CB0-9873-E217F75DB730} = {DF26DFCE-7686-417E-8FD5-D9CD78C9E057}
		{93C9A313-53F0-493E-A7B7-612325D255B5} = {DF26DFCE-7686-417E-8FD5-D9CD78C9E057}
		{7068165E-9AB0-4EF8-83E1-5D2E05591F4C} = {2F5DA45D-0F47-4830-8B24-A27939C0EB45}
		{6FC043CC-D1AA-4790-858A-D4A9FD9B0446} = {2F5DA45D-0F47-4830-8B24-A27939C0EB45}
		{FD5CF1E4-F0DB-43F0-B379-C2D64F97AE1D} = {2F5DA45D-0F47-4830-8B24-A27939C0EB45}
		{74430E5C-A8B6-43BF-9664-0613BBF0730A} = {DF26DFCE-7686-417E-8FD5-D9CD78C9E057}
		{4E499DA7-99FE-40BA-ADAC-1684F4FD6F2C} = {2F5DA45D-0F47-4830-8B24-A27939C0EB45}
		{735ED907-B244-475B-9AAC-6AA591E390AE} = {DF26DFCE-7686-417E-8FD5-D9CD78C9E057}
		{E5E33AF4-7744-480E-AE0A-F8E43C1FBF33} = {B312B81F-14B4-41AC-9B5B-893699E570B3}
		{E3612FE4-2219-450E-8424-58164B452615} = {C12FD65F-1F7B-4AF4-BD52-074D3689865A}
		{10CA414A-8AF6-4423-AF06-3963090BF115} = {E3612FE4-2219-450E-8424-58164B452615}
		{F1DBC18A-35A5-4647-87BC-F462C63E3723} = {2F5DA45D-0F47-4830-8B24-A27939C0EB45}
		{FD20615B-5ACB-4CE8-B23D-2CBA7229AF09} = {2F5DA45D-0F47-4830-8B24-A27939C0EB45}
		{41FABD82-61EE-438D-8AFE-240697600652} = {6FC043CC-D1AA-4790-858A-D4A9FD9B0446}
		{09B520D8-88A4-4F58-8285-A71714D058C9} = {C12FD65F-1F7B-4AF4-BD52-074D3689865A}
	EndGlobalSection
	GlobalSection(ExtensibilityGlobals) = postSolution
		SolutionGuid = {7B635B67-CD12-4FE7-B534-060B5D4CA828}
	EndGlobalSection
EndGlobal
